
Microsoft Visual Studio Solution File, Format Version 12.00
# Visual Studio Version 17
VisualStudioVersion = 17.0.31903.59
MinimumVisualStudioVersion = 10.0.40219.1
Project("{FAE04EC0-301F-11D3-BF4B-00C04F79EFBC}") = "MathFunctions", "MathFunctions\MathFunctions.csproj", "{EC7B274F-488B-4637-A112-BFFA073F6565}"
EndProject
Project("{FAE04EC0-301F-11D3-BF4B-00C04F79EFBC}") = "MathFunctions.Tests", "MathFunctions.Tests\MathFunctions.Tests.csproj", "{058EFBA0-58E3-4591-A3E1-3B5068F9F8A1}"
EndProject
Global
	GlobalSection(SolutionConfigurationPlatforms) = preSolution
		Debug|Any CPU = Debug|Any CPU
		Release|Any CPU = Release|Any CPU
	EndGlobalSection
	GlobalSection(SolutionProperties) = preSolution
		HideSolutionNode = FALSE
	EndGlobalSection
	GlobalSection(ProjectConfigurationPlatforms) = postSolution
		{EC7B274F-488B-4637-A112-BFFA073F6565}.Debug|Any CPU.ActiveCfg = Debug|Any CPU
		{EC7B274F-488B-4637-A112-BFFA073F6565}.Debug|Any CPU.Build.0 = Debug|Any CPU
		{EC7B274F-488B-4637-A112-BFFA073F6565}.Release|Any CPU.ActiveCfg = Release|Any CPU
		{EC7B274F-488B-4637-A112-BFFA073F6565}.Release|Any CPU.Build.0 = Release|Any CPU
		{058EFBA0-58E3-4591-A3E1-3B5068F9F8A1}.Debug|Any CPU.ActiveCfg = Debug|Any CPU
		{058EFBA0-58E3-4591-A3E1-3B5068F9F8A1}.Debug|Any CPU.Build.0 = Debug|Any CPU
		{058EFBA0-58E3-4591-A3E1-3B5068F9F8A1}.Release|Any CPU.ActiveCfg = Release|Any CPU
		{058EFBA0-58E3-4591-A3E1-3B5068F9F8A1}.Release|Any CPU.Build.0 = Release|Any CPU
	EndGlobalSection
EndGlobal
